
Microsoft Visual Studio Solution File, Format Version 12.00
# Visual Studio Version 17
VisualStudioVersion = 17.4.33122.133
MinimumVisualStudioVersion = 10.0.40219.1
Project("{9A19103F-16F7-4668-BE54-9A1E7A4F7556}") = "Demo1Github", "Demo1Github\Demo1Github.csproj", "{42EC7F07-43B0-479E-993D-5FB21022DE98}"
EndProject
Project("{9A19103F-16F7-4668-BE54-9A1E7A4F7556}") = "switch", "sweatkey\switch.csproj", "{93162DC3-F888-44A5-9C25-A8C174CF0571}"
EndProject
Project("{9A19103F-16F7-4668-BE54-9A1E7A4F7556}") = "forif", "forif\forif.csproj", "{C175E790-FB66-4138-9467-9EF345EF4B13}"
EndProject
Project("{9A19103F-16F7-4668-BE54-9A1E7A4F7556}") = "RefOut", "break\RefOut.csproj", "{E6EC7C77-F470-4F7C-8075-AD52B7A63312}"
EndProject
Project("{9A19103F-16F7-4668-BE54-9A1E7A4F7556}") = "PartiaClass", "PartiaClass\PartiaClass.csproj", "{D986EF8F-C9AE-40ED-9546-C4D7A73D5DAF}"
EndProject
Project("{9A19103F-16F7-4668-BE54-9A1E7A4F7556}") = "RegexTryParse", "RegexTryParse\RegexTryParse.csproj", "{66060406-BDD4-48F7-AF2D-019C56EDDAE9}"
EndProject
Project("{FAE04EC0-301F-11D3-BF4B-00C04F79EFBC}") = "OopEncapsulationProperty", "OopEncapsulationProperty\OopEncapsulationProperty.csproj", "{8FD77DCB-E1EB-449D-8235-93AEA1A7136B}"
EndProject
Project("{FAE04EC0-301F-11D3-BF4B-00C04F79EFBC}") = "OopPolymorphism", "OopPolymorphism\OopPolymorphism.csproj", "{143BC304-B7EC-4E87-801C-F8E0B3B13EF9}"
EndProject
Project("{FAE04EC0-301F-11D3-BF4B-00C04F79EFBC}") = "OopPolymorphismOverited", "OopPolymorphismOverited\OopPolymorphismOverited.csproj", "{51A408E8-5526-4469-BF88-2AF0B3E4A5D4}"
EndProject
Project("{FAE04EC0-301F-11D3-BF4B-00C04F79EFBC}") = "OopPolymorphsmInterface", "OopPolymorphsmInterface\OopPolymorphsmInterface.csproj", "{77DABCA4-E249-4B50-9BE1-603D298EF45B}"
EndProject
Global
	GlobalSection(SolutionConfigurationPlatforms) = preSolution
		Debug|Any CPU = Debug|Any CPU
		Release|Any CPU = Release|Any CPU
	EndGlobalSection
	GlobalSection(ProjectConfigurationPlatforms) = postSolution
		{42EC7F07-43B0-479E-993D-5FB21022DE98}.Debug|Any CPU.ActiveCfg = Debug|Any CPU
		{42EC7F07-43B0-479E-993D-5FB21022DE98}.Debug|Any CPU.Build.0 = Debug|Any CPU
		{42EC7F07-43B0-479E-993D-5FB21022DE98}.Release|Any CPU.ActiveCfg = Release|Any CPU
		{42EC7F07-43B0-479E-993D-5FB21022DE98}.Release|Any CPU.Build.0 = Release|Any CPU
		{93162DC3-F888-44A5-9C25-A8C174CF0571}.Debug|Any CPU.ActiveCfg = Debug|Any CPU
		{93162DC3-F888-44A5-9C25-A8C174CF0571}.Debug|Any CPU.Build.0 = Debug|Any CPU
		{93162DC3-F888-44A5-9C25-A8C174CF0571}.Release|Any CPU.ActiveCfg = Release|Any CPU
		{93162DC3-F888-44A5-9C25-A8C174CF0571}.Release|Any CPU.Build.0 = Release|Any CPU
		{C175E790-FB66-4138-9467-9EF345EF4B13}.Debug|Any CPU.ActiveCfg = Debug|Any CPU
		{C175E790-FB66-4138-9467-9EF345EF4B13}.Debug|Any CPU.Build.0 = Debug|Any CPU
		{C175E790-FB66-4138-9467-9EF345EF4B13}.Release|Any CPU.ActiveCfg = Release|Any CPU
		{C175E790-FB66-4138-9467-9EF345EF4B13}.Release|Any CPU.Build.0 = Release|Any CPU
		{E6EC7C77-F470-4F7C-8075-AD52B7A63312}.Debug|Any CPU.ActiveCfg = Debug|Any CPU
		{E6EC7C77-F470-4F7C-8075-AD52B7A63312}.Debug|Any CPU.Build.0 = Debug|Any CPU
		{E6EC7C77-F470-4F7C-8075-AD52B7A63312}.Release|Any CPU.ActiveCfg = Release|Any CPU
		{E6EC7C77-F470-4F7C-8075-AD52B7A63312}.Release|Any CPU.Build.0 = Release|Any CPU
		{D986EF8F-C9AE-40ED-9546-C4D7A73D5DAF}.Debug|Any CPU.ActiveCfg = Debug|Any CPU
		{D986EF8F-C9AE-40ED-9546-C4D7A73D5DAF}.Debug|Any CPU.Build.0 = Debug|Any CPU
		{D986EF8F-C9AE-40ED-9546-C4D7A73D5DAF}.Release|Any CPU.ActiveCfg = Release|Any CPU
		{D986EF8F-C9AE-40ED-9546-C4D7A73D5DAF}.Release|Any CPU.Build.0 = Release|Any CPU
		{66060406-BDD4-48F7-AF2D-019C56EDDAE9}.Debug|Any CPU.ActiveCfg = Debug|Any CPU
		{66060406-BDD4-48F7-AF2D-019C56EDDAE9}.Debug|Any CPU.Build.0 = Debug|Any CPU
		{66060406-BDD4-48F7-AF2D-019C56EDDAE9}.Release|Any CPU.ActiveCfg = Release|Any CPU
		{66060406-BDD4-48F7-AF2D-019C56EDDAE9}.Release|Any CPU.Build.0 = Release|Any CPU
		{8FD77DCB-E1EB-449D-8235-93AEA1A7136B}.Debug|Any CPU.ActiveCfg = Debug|Any CPU
		{8FD77DCB-E1EB-449D-8235-93AEA1A7136B}.Debug|Any CPU.Build.0 = Debug|Any CPU
		{8FD77DCB-E1EB-449D-8235-93AEA1A7136B}.Release|Any CPU.ActiveCfg = Release|Any CPU
		{8FD77DCB-E1EB-449D-8235-93AEA1A7136B}.Release|Any CPU.Build.0 = Release|Any CPU
		{143BC304-B7EC-4E87-801C-F8E0B3B13EF9}.Debug|Any CPU.ActiveCfg = Debug|Any CPU
		{143BC304-B7EC-4E87-801C-F8E0B3B13EF9}.Debug|Any CPU.Build.0 = Debug|Any CPU
		{143BC304-B7EC-4E87-801C-F8E0B3B13EF9}.Release|Any CPU.ActiveCfg = Release|Any CPU
		{143BC304-B7EC-4E87-801C-F8E0B3B13EF9}.Release|Any CPU.Build.0 = Release|Any CPU
		{51A408E8-5526-4469-BF88-2AF0B3E4A5D4}.Debug|Any CPU.ActiveCfg = Debug|Any CPU
		{51A408E8-5526-4469-BF88-2AF0B3E4A5D4}.Debug|Any CPU.Build.0 = Debug|Any CPU
		{51A408E8-5526-4469-BF88-2AF0B3E4A5D4}.Release|Any CPU.ActiveCfg = Release|Any CPU
		{51A408E8-5526-4469-BF88-2AF0B3E4A5D4}.Release|Any CPU.Build.0 = Release|Any CPU
		{77DABCA4-E249-4B50-9BE1-603D298EF45B}.Debug|Any CPU.ActiveCfg = Debug|Any CPU
		{77DABCA4-E249-4B50-9BE1-603D298EF45B}.Debug|Any CPU.Build.0 = Debug|Any CPU
		{77DABCA4-E249-4B50-9BE1-603D298EF45B}.Release|Any CPU.ActiveCfg = Release|Any CPU
		{77DABCA4-E249-4B50-9BE1-603D298EF45B}.Release|Any CPU.Build.0 = Release|Any CPU
	EndGlobalSection
	GlobalSection(SolutionProperties) = preSolution
		HideSolutionNode = FALSE
	EndGlobalSection
	GlobalSection(ExtensibilityGlobals) = postSolution
		SolutionGuid = {52225BF8-637C-4C2D-B583-331791379199}
	EndGlobalSection
EndGlobal
