
Microsoft Visual Studio Solution File, Format Version 12.00
# Visual Studio Version 17
VisualStudioVersion = 17.4.33122.133
MinimumVisualStudioVersion = 10.0.40219.1
Project("{FAE04EC0-301F-11D3-BF4B-00C04F79EFBC}") = "Demo1Github", "Demo1Github\Demo1Github.csproj", "{42EC7F07-43B0-479E-993D-5FB21022DE98}"
EndProject
Project("{FAE04EC0-301F-11D3-BF4B-00C04F79EFBC}") = "sweatkey", "sweatkey\sweatkey.csproj", "{93162DC3-F888-44A5-9C25-A8C174CF0571}"
EndProject
Global
	GlobalSection(SolutionConfigurationPlatforms) = preSolution
		Debug|Any CPU = Debug|Any CPU
		Release|Any CPU = Release|Any CPU
	EndGlobalSection
	GlobalSection(ProjectConfigurationPlatforms) = postSolution
		{42EC7F07-43B0-479E-993D-5FB21022DE98}.Debug|Any CPU.ActiveCfg = Debug|Any CPU
		{42EC7F07-43B0-479E-993D-5FB21022DE98}.Debug|Any CPU.Build.0 = Debug|Any CPU
		{42EC7F07-43B0-479E-993D-5FB21022DE98}.Release|Any CPU.ActiveCfg = Release|Any CPU
		{42EC7F07-43B0-479E-993D-5FB21022DE98}.Release|Any CPU.Build.0 = Release|Any CPU
		{93162DC3-F888-44A5-9C25-A8C174CF0571}.Debug|Any CPU.ActiveCfg = Debug|Any CPU
		{93162DC3-F888-44A5-9C25-A8C174CF0571}.Debug|Any CPU.Build.0 = Debug|Any CPU
		{93162DC3-F888-44A5-9C25-A8C174CF0571}.Release|Any CPU.ActiveCfg = Release|Any CPU
		{93162DC3-F888-44A5-9C25-A8C174CF0571}.Release|Any CPU.Build.0 = Release|Any CPU
	EndGlobalSection
	GlobalSection(SolutionProperties) = preSolution
		HideSolutionNode = FALSE
	EndGlobalSection
	GlobalSection(ExtensibilityGlobals) = postSolution
		SolutionGuid = {52225BF8-637C-4C2D-B583-331791379199}
	EndGlobalSection
EndGlobal
